
Microsoft Visual Studio Solution File, Format Version 12.00
# Visual Studio 15
VisualStudioVersion = 15.0.27703.2035
MinimumVisualStudioVersion = 10.0.40219.1
Project("{FAE04EC0-301F-11D3-BF4B-00C04F79EFBC}") = "ApiExample", "ApiExample\ApiExample.csproj", "{2163EF40-CB43-4EC7-9DF3-6B94A4B2C044}"
EndProject
Global
	GlobalSection(SolutionConfigurationPlatforms) = preSolution
		Debug|Any CPU = Debug|Any CPU
		Release|Any CPU = Release|Any CPU
	EndGlobalSection
	GlobalSection(ProjectConfigurationPlatforms) = postSolution
		{2163EF40-CB43-4EC7-9DF3-6B94A4B2C044}.Debug|Any CPU.ActiveCfg = Debug|Any CPU
		{2163EF40-CB43-4EC7-9DF3-6B94A4B2C044}.Debug|Any CPU.Build.0 = Debug|Any CPU
		{2163EF40-CB43-4EC7-9DF3-6B94A4B2C044}.Release|Any CPU.ActiveCfg = Release|Any CPU
		{2163EF40-CB43-4EC7-9DF3-6B94A4B2C044}.Release|Any CPU.Build.0 = Release|Any CPU
	EndGlobalSection
	GlobalSection(SolutionProperties) = preSolution
		HideSolutionNode = FALSE
	EndGlobalSection
	GlobalSection(ExtensibilityGlobals) = postSolution
		SolutionGuid = {0039087A-17C5-4BE6-931B-8367345DC69A}
	EndGlobalSection
EndGlobal
